
Microsoft Visual Studio Solution File, Format Version 12.00
# Visual Studio Version 16
VisualStudioVersion = 16.0.30503.244
MinimumVisualStudioVersion = 10.0.40219.1
Project("{FAE04EC0-301F-11D3-BF4B-00C04F79EFBC}") = "WebNetCoreEFCore_App", "WebNetCoreEFCore_App\WebNetCoreEFCore_App.csproj", "{601B6AA3-6D9F-4890-BEDF-A2AFB11BE04C}"
EndProject
Global
	GlobalSection(SolutionConfigurationPlatforms) = preSolution
		Debug|Any CPU = Debug|Any CPU
		Release|Any CPU = Release|Any CPU
	EndGlobalSection
	GlobalSection(ProjectConfigurationPlatforms) = postSolution
		{601B6AA3-6D9F-4890-BEDF-A2AFB11BE04C}.Debug|Any CPU.ActiveCfg = Debug|Any CPU
		{601B6AA3-6D9F-4890-BEDF-A2AFB11BE04C}.Debug|Any CPU.Build.0 = Debug|Any CPU
		{601B6AA3-6D9F-4890-BEDF-A2AFB11BE04C}.Release|Any CPU.ActiveCfg = Release|Any CPU
		{601B6AA3-6D9F-4890-BEDF-A2AFB11BE04C}.Release|Any CPU.Build.0 = Release|Any CPU
	EndGlobalSection
	GlobalSection(SolutionProperties) = preSolution
		HideSolutionNode = FALSE
	EndGlobalSection
	GlobalSection(ExtensibilityGlobals) = postSolution
		SolutionGuid = {3C65B016-AB8F-492B-8327-3BBCA24ABDCB}
	EndGlobalSection
EndGlobal
